
Microsoft Visual Studio Solution File, Format Version 12.00
# Visual Studio Version 17
VisualStudioVersion = 17.8.34316.72
MinimumVisualStudioVersion = 10.0.40219.1
Project("{FAE04EC0-301F-11D3-BF4B-00C04F79EFBC}") = "Cocktails.API", "Cocktails.API\Cocktails.API.csproj", "{FFD3D7D5-B27B-43C2-9E5C-2FFC3625A150}"
EndProject
Global
	GlobalSection(SolutionConfigurationPlatforms) = preSolution
		Debug|Any CPU = Debug|Any CPU
		Release|Any CPU = Release|Any CPU
	EndGlobalSection
	GlobalSection(ProjectConfigurationPlatforms) = postSolution
		{FFD3D7D5-B27B-43C2-9E5C-2FFC3625A150}.Debug|Any CPU.ActiveCfg = Debug|Any CPU
		{FFD3D7D5-B27B-43C2-9E5C-2FFC3625A150}.Debug|Any CPU.Build.0 = Debug|Any CPU
		{FFD3D7D5-B27B-43C2-9E5C-2FFC3625A150}.Release|Any CPU.ActiveCfg = Release|Any CPU
		{FFD3D7D5-B27B-43C2-9E5C-2FFC3625A150}.Release|Any CPU.Build.0 = Release|Any CPU
	EndGlobalSection
	GlobalSection(SolutionProperties) = preSolution
		HideSolutionNode = FALSE
	EndGlobalSection
	GlobalSection(ExtensibilityGlobals) = postSolution
		SolutionGuid = {AB8C591E-AD8A-4638-9CA0-AB1FF63B1F88}
	EndGlobalSection
EndGlobal
